
Microsoft Visual Studio Solution File, Format Version 12.00
# Visual Studio Version 16
VisualStudioVersion = 16.0.30413.136
MinimumVisualStudioVersion = 10.0.40219.1
Project("{9A19103F-16F7-4668-BE54-9A1E7A4F7556}") = "API", "API\API.csproj", "{E61C0B51-8299-479D-9ADA-A76AD7446137}"
EndProject
Project("{9A19103F-16F7-4668-BE54-9A1E7A4F7556}") = "Contracts", "Contracts\Contracts.csproj", "{BDE8AC28-D968-4CA9-91AC-7FC226C4259F}"
EndProject
Project("{9A19103F-16F7-4668-BE54-9A1E7A4F7556}") = "LoggerService", "LoggerService\LoggerService.csproj", "{0C07B29A-8C4D-415C-B644-A5A4182D05F3}"
EndProject
Project("{9A19103F-16F7-4668-BE54-9A1E7A4F7556}") = "Entities", "Entities\Entities.csproj", "{B22B30E2-C096-470C-8925-85CE0696398B}"
EndProject
Project("{FAE04EC0-301F-11D3-BF4B-00C04F79EFBC}") = "Repository", "Repository\Repository.csproj", "{C0474806-EB48-4A85-993D-36A3D8428237}"
EndProject
Global
	GlobalSection(SolutionConfigurationPlatforms) = preSolution
		Debug|Any CPU = Debug|Any CPU
		Release|Any CPU = Release|Any CPU
	EndGlobalSection
	GlobalSection(ProjectConfigurationPlatforms) = postSolution
		{E61C0B51-8299-479D-9ADA-A76AD7446137}.Debug|Any CPU.ActiveCfg = Debug|Any CPU
		{E61C0B51-8299-479D-9ADA-A76AD7446137}.Debug|Any CPU.Build.0 = Debug|Any CPU
		{E61C0B51-8299-479D-9ADA-A76AD7446137}.Release|Any CPU.ActiveCfg = Release|Any CPU
		{E61C0B51-8299-479D-9ADA-A76AD7446137}.Release|Any CPU.Build.0 = Release|Any CPU
		{BDE8AC28-D968-4CA9-91AC-7FC226C4259F}.Debug|Any CPU.ActiveCfg = Debug|Any CPU
		{BDE8AC28-D968-4CA9-91AC-7FC226C4259F}.Debug|Any CPU.Build.0 = Debug|Any CPU
		{BDE8AC28-D968-4CA9-91AC-7FC226C4259F}.Release|Any CPU.ActiveCfg = Release|Any CPU
		{BDE8AC28-D968-4CA9-91AC-7FC226C4259F}.Release|Any CPU.Build.0 = Release|Any CPU
		{0C07B29A-8C4D-415C-B644-A5A4182D05F3}.Debug|Any CPU.ActiveCfg = Debug|Any CPU
		{0C07B29A-8C4D-415C-B644-A5A4182D05F3}.Debug|Any CPU.Build.0 = Debug|Any CPU
		{0C07B29A-8C4D-415C-B644-A5A4182D05F3}.Release|Any CPU.ActiveCfg = Release|Any CPU
		{0C07B29A-8C4D-415C-B644-A5A4182D05F3}.Release|Any CPU.Build.0 = Release|Any CPU
		{B22B30E2-C096-470C-8925-85CE0696398B}.Debug|Any CPU.ActiveCfg = Debug|Any CPU
		{B22B30E2-C096-470C-8925-85CE0696398B}.Debug|Any CPU.Build.0 = Debug|Any CPU
		{B22B30E2-C096-470C-8925-85CE0696398B}.Release|Any CPU.ActiveCfg = Release|Any CPU
		{B22B30E2-C096-470C-8925-85CE0696398B}.Release|Any CPU.Build.0 = Release|Any CPU
		{C0474806-EB48-4A85-993D-36A3D8428237}.Debug|Any CPU.ActiveCfg = Debug|Any CPU
		{C0474806-EB48-4A85-993D-36A3D8428237}.Debug|Any CPU.Build.0 = Debug|Any CPU
		{C0474806-EB48-4A85-993D-36A3D8428237}.Release|Any CPU.ActiveCfg = Release|Any CPU
		{C0474806-EB48-4A85-993D-36A3D8428237}.Release|Any CPU.Build.0 = Release|Any CPU
	EndGlobalSection
	GlobalSection(SolutionProperties) = preSolution
		HideSolutionNode = FALSE
	EndGlobalSection
	GlobalSection(ExtensibilityGlobals) = postSolution
		SolutionGuid = {2BD777B5-5313-4C97-BCAD-611564D4F88F}
	EndGlobalSection
EndGlobal
